{
    "_readme": [
        "This file locks the dependencies of your project to a known state",
        "Read more about it at https://getcomposer.org/doc/01-basic-usage.md#composer-lock-the-lock-file",
        "This file is @generated automatically"
    ],
    "content-hash": "67414f777dba6957a378bced3074ebf3",
    "packages": [
        {
            "name": "filp/whoops",
            "version": "1.1.10",
            "source": {
                "type": "git",
                "url": "https://github.com/filp/whoops.git",
                "reference": "72538eeb70bbfb11964412a3d098d109efd012f7"
            },
            "dist": {
                "type": "zip",
                "url": "https://api.github.com/repos/filp/whoops/zipball/72538eeb70bbfb11964412a3d098d109efd012f7",
                "reference": "72538eeb70bbfb11964412a3d098d109efd012f7",
                "shasum": ""
            },
            "require": {
                "php": ">=5.3.0"
            },
            "require-dev": {
                "mockery/mockery": "0.9.*"
            },
            "type": "library",
            "extra": {
                "branch-alias": {
                    "dev-master": "1.2-dev"
                }
            },
            "autoload": {
                "psr-0": {
                    "Whoops": "src/"
                },
                "classmap": [
                    "src/deprecated"
                ]
            },
            "notification-url": "https://packagist.org/downloads/",
            "license": [
                "MIT"
            ],
            "authors": [
                {
                    "name": "Filipe Dobreira",
                    "homepage": "https://github.com/filp",
                    "role": "Developer"
                }
            ],
            "description": "php error handling for cool kids",
            "homepage": "https://github.com/filp/whoops",
            "keywords": [
                "error",
                "exception",
                "handling",
                "library",
                "silex-provider",
                "whoops",
                "zf2"
            ],
            "time": "2015-06-29T05:42:04+00:00"
        },
        {
            "name": "guzzle/guzzle",
            "version": "v3.8.1",
            "source": {
                "type": "git",
                "url": "https://github.com/guzzle/guzzle.git",
                "reference": "4de0618a01b34aa1c8c33a3f13f396dcd3882eba"
            },
            "dist": {
                "type": "zip",
                "url": "https://api.github.com/repos/guzzle/guzzle/zipball/4de0618a01b34aa1c8c33a3f13f396dcd3882eba",
                "reference": "4de0618a01b34aa1c8c33a3f13f396dcd3882eba",
                "shasum": ""
            },
            "require": {
                "ext-curl": "*",
                "php": ">=5.3.3",
                "symfony/event-dispatcher": ">=2.1"
            },
            "replace": {
                "guzzle/batch": "self.version",
                "guzzle/cache": "self.version",
                "guzzle/common": "self.version",
                "guzzle/http": "self.version",
                "guzzle/inflection": "self.version",
                "guzzle/iterator": "self.version",
                "guzzle/log": "self.version",
                "guzzle/parser": "self.version",
                "guzzle/plugin": "self.version",
                "guzzle/plugin-async": "self.version",
                "guzzle/plugin-backoff": "self.version",
                "guzzle/plugin-cache": "self.version",
                "guzzle/plugin-cookie": "self.version",
                "guzzle/plugin-curlauth": "self.version",
                "guzzle/plugin-error-response": "self.version",
                "guzzle/plugin-history": "self.version",
                "guzzle/plugin-log": "self.version",
                "guzzle/plugin-md5": "self.version",
                "guzzle/plugin-mock": "self.version",
                "guzzle/plugin-oauth": "self.version",
                "guzzle/service": "self.version",
                "guzzle/stream": "self.version"
            },
            "require-dev": {
                "doctrine/cache": "*",
                "monolog/monolog": "1.*",
                "phpunit/phpunit": "3.7.*",
                "psr/log": "1.0.*",
                "symfony/class-loader": "*",
                "zendframework/zend-cache": "<2.3",
                "zendframework/zend-log": "<2.3"
            },
            "type": "library",
            "extra": {
                "branch-alias": {
                    "dev-master": "3.8-dev"
                }
            },
            "autoload": {
                "psr-0": {
                    "Guzzle": "src/",
                    "Guzzle\\Tests": "tests/"
                }
            },
            "notification-url": "https://packagist.org/downloads/",
            "license": [
                "MIT"
            ],
            "authors": [
                {
                    "name": "Michael Dowling",
                    "email": "mtdowling@gmail.com",
                    "homepage": "https://github.com/mtdowling"
                },
                {
                    "name": "Guzzle Community",
                    "homepage": "https://github.com/guzzle/guzzle/contributors"
                }
            ],
            "description": "Guzzle is a PHP HTTP client library and framework for building RESTful web service clients",
            "homepage": "http://guzzlephp.org/",
            "keywords": [
                "client",
                "curl",
                "framework",
                "http",
                "http client",
                "rest",
                "web service"
            ],
            "abandoned": "guzzlehttp/guzzle",
            "time": "2014-01-28T22:29:15+00:00"
        },
        {
            "name": "kzykhys/ciconia",
            "version": "v1.0.3",
            "source": {
                "type": "git",
                "url": "https://github.com/kzykhys/Ciconia.git",
                "reference": "52d43ec35a656ef1bda07fdd8398081801f960ae"
            },
            "dist": {
                "type": "zip",
                "url": "https://api.github.com/repos/kzykhys/Ciconia/zipball/52d43ec35a656ef1bda07fdd8398081801f960ae",
                "reference": "52d43ec35a656ef1bda07fdd8398081801f960ae",
                "shasum": ""
            },
            "require": {
                "php": ">5.4.0",
                "symfony/console": ">=2.3,<2.5-dev",
                "symfony/options-resolver": ">=2.3,<2.5-dev"
            },
            "require-dev": {
                "symfony/finder": ">=2.3,<2.5-dev",
                "symfony/stopwatch": ">=2.3,<2.5-dev"
            },
            "bin": [
                "bin/ciconia"
            ],
            "type": "library",
            "extra": {
                "branch-alias": {
                    "dev-master": "1.1.x-dev"
                }
            },
            "autoload": {
                "psr-0": {
                    "": "src/"
                }
            },
            "notification-url": "https://packagist.org/downloads/",
            "license": [
                "MIT"
            ],
            "authors": [
                {
                    "name": "Kazuyuki Hayashi",
                    "email": "hayashi@valnur.net"
                }
            ],
            "description": "The Markdown parser for PHP5.4",
            "keywords": [
                "cli",
                "markdown",
                "parser"
            ],
            "time": "2014-01-23T08:14:37+00:00"
        },
        {
            "name": "paragonie/random_compat",
            "version": "v2.0.11",
            "source": {
                "type": "git",
                "url": "https://github.com/paragonie/random_compat.git",
                "reference": "5da4d3c796c275c55f057af5a643ae297d96b4d8"
            },
            "dist": {
                "type": "zip",
                "url": "https://api.github.com/repos/paragonie/random_compat/zipball/5da4d3c796c275c55f057af5a643ae297d96b4d8",
                "reference": "5da4d3c796c275c55f057af5a643ae297d96b4d8",
                "shasum": ""
            },
            "require": {
                "php": ">=5.2.0"
            },
            "require-dev": {
                "phpunit/phpunit": "4.*|5.*"
            },
            "suggest": {
                "ext-libsodium": "Provides a modern crypto API that can be used to generate random bytes."
            },
            "type": "library",
            "autoload": {
                "files": [
                    "lib/random.php"
                ]
            },
            "notification-url": "https://packagist.org/downloads/",
            "license": [
                "MIT"
            ],
            "authors": [
                {
                    "name": "Paragon Initiative Enterprises",
                    "email": "security@paragonie.com",
                    "homepage": "https://paragonie.com"
                }
            ],
            "description": "PHP 5.x polyfill for random_bytes() and random_int() from PHP 7",
            "keywords": [
                "csprng",
                "pseudorandom",
                "random"
            ],
            "time": "2017-09-27T21:40:39+00:00"
        },
        {
            "name": "ramsey/uuid",
            "version": "2.9.0",
            "source": {
                "type": "git",
                "url": "https://github.com/ramsey/uuid.git",
                "reference": "b2ef4dd9584268d73f92f752a62bc24cd534dc9a"
            },
            "dist": {
                "type": "zip",
                "url": "https://api.github.com/repos/ramsey/uuid/zipball/b2ef4dd9584268d73f92f752a62bc24cd534dc9a",
                "reference": "b2ef4dd9584268d73f92f752a62bc24cd534dc9a",
                "shasum": ""
            },
            "require": {
                "paragonie/random_compat": "^1.0|^2.0",
                "php": ">=5.3.3"
            },
            "replace": {
                "rhumsaa/uuid": "self.version"
            },
            "require-dev": {
                "doctrine/dbal": ">=2.3",
                "jakub-onderka/php-parallel-lint": "^0.9.0",
                "moontoast/math": "~1.1",
                "phpunit/phpunit": "~4.1|~5.0",
                "satooshi/php-coveralls": "~0.6",
                "squizlabs/php_codesniffer": "^2.3",
                "symfony/console": "~2.3|~3.0"
            },
            "suggest": {
                "doctrine/dbal": "Allow the use of a UUID as doctrine field type.",
                "moontoast/math": "Support for converting UUID to 128-bit integer (in string form).",
                "symfony/console": "Support for use of the bin/uuid command line tool."
            },
            "bin": [
                "bin/uuid"
            ],
            "type": "library",
            "autoload": {
                "psr-4": {
                    "Rhumsaa\\Uuid\\": "src/"
                }
            },
            "notification-url": "https://packagist.org/downloads/",
            "license": [
                "MIT"
            ],
            "authors": [
                {
                    "name": "Marijn Huizendveld",
                    "email": "marijn.huizendveld@gmail.com"
                },
                {
                    "name": "Ben Ramsey",
                    "homepage": "http://benramsey.com"
                }
            ],
            "description": "A PHP 5.3+ library for generating RFC 4122 version 1, 3, 4, and 5 universally unique identifiers (UUID).",
            "homepage": "https://github.com/ramsey/uuid",
            "keywords": [
                "guid",
                "identifier",
                "uuid"
            ],
            "time": "2016-03-22T18:20:19+00:00"
        },
        {
            "name": "reekoheek/bono-auth",
            "version": "dev-master",
            "source": {
                "type": "git",
                "url": "https://github.com/xinix-technology/bono-auth.git",
                "reference": "54c10dc3cad891e27b5ab30f74de1ee32025d694"
            },
            "dist": {
                "type": "zip",
                "url": "https://api.github.com/repos/xinix-technology/bono-auth/zipball/54c10dc3cad891e27b5ab30f74de1ee32025d694",
                "reference": "54c10dc3cad891e27b5ab30f74de1ee32025d694",
                "shasum": ""
            },
            "require": {
                "guzzle/guzzle": "~3.8.1",
                "slim/slim": "2.3.*"
            },
            "type": "library",
            "autoload": {
                "psr-0": {
                    "Xinix\\BonoAuth": "src/"
                }
            },
            "notification-url": "https://packagist.org/downloads/",
            "license": [
                "MIT"
            ],
            "authors": [
                {
                    "name": "Ganesha",
                    "email": "reekoheek@gmail.com"
                }
            ],
            "description": "Bono Auth",
            "abandoned": "xinix-technology/bono-auth",
            "time": "2015-09-09T11:33:54+00:00"
        },
        {
            "name": "reekoheek/bootstrap-theme",
            "version": "dev-master",
            "source": {
                "type": "git",
                "url": "https://github.com/reekoheek/bootstrap-theme.git",
                "reference": "66e11abf8cda0422b475506552b085ad0ee941f7"
            },
            "dist": {
                "type": "zip",
                "url": "https://api.github.com/repos/reekoheek/bootstrap-theme/zipball/66e11abf8cda0422b475506552b085ad0ee941f7",
                "reference": "66e11abf8cda0422b475506552b085ad0ee941f7",
                "shasum": ""
            },
            "type": "library",
            "autoload": {
                "psr-0": {
                    "ROH\\Theme\\BootstrapTheme": "src"
                }
            },
            "notification-url": "https://packagist.org/downloads/",
            "license": [
                "MIT"
            ],
            "authors": [
                {
                    "name": "Ganesha",
                    "email": "reekoheek@gmail.com"
                }
            ],
            "description": "Bono Bootstrap Theme",
            "time": "2015-05-27T12:52:37+00:00"
        },
        {
            "name": "reekoheek/jsonkit",
            "version": "0.0.5",
            "source": {
                "type": "git",
                "url": "https://github.com/reekoheek/php-jsonkit.git",
                "reference": "fc7769ba88af09be6cf7087ff1736ad1002b3b75"
            },
            "dist": {
                "type": "zip",
                "url": "https://api.github.com/repos/reekoheek/php-jsonkit/zipball/fc7769ba88af09be6cf7087ff1736ad1002b3b75",
                "reference": "fc7769ba88af09be6cf7087ff1736ad1002b3b75",
                "shasum": ""
            },
            "require-dev": {
                "phpunit/phpunit": "3.7.22"
            },
            "type": "library",
            "autoload": {
                "psr-0": {
                    "JsonKit": "src/"
                }
            },
            "notification-url": "https://packagist.org/downloads/",
            "license": [
                "MIT"
            ],
            "authors": [
                {
                    "name": "Ganesha",
                    "email": "reekoheek@gmail.com",
                    "homepage": "http://xinix.co.id",
                    "role": "Developer"
                },
                {
                    "name": "Apriyanto Pramana Putra",
                    "email": "apriantopramanaputra@gmail.com",
                    "role": "Developer"
                }
            ],
            "time": "2014-06-02T13:46:37+00:00"
        },
        {
            "name": "reekoheek/util",
            "version": "0.1.2",
            "source": {
                "type": "git",
                "url": "https://github.com/reekoheek/php-util.git",
                "reference": "62d2608bb4530efcf8f68b2de8bb6af0820f1fa0"
            },
            "dist": {
                "type": "zip",
                "url": "https://api.github.com/repos/reekoheek/php-util/zipball/62d2608bb4530efcf8f68b2de8bb6af0820f1fa0",
                "reference": "62d2608bb4530efcf8f68b2de8bb6af0820f1fa0",
                "shasum": ""
            },
            "type": "library",
            "autoload": {
                "psr-0": {
                    "ROH\\Util": "src/"
                }
            },
            "notification-url": "https://packagist.org/downloads/",
            "license": [
                "MIT"
            ],
            "authors": [
                {
                    "name": "Ganesha",
                    "email": "reekoheek@gmail.com",
                    "homepage": "http://xinix.co.id",
                    "role": "Developer"
                }
            ],
            "description": "PHP util library",
            "time": "2014-01-02T04:08:44+00:00"
        },
        {
            "name": "slim/slim",
            "version": "2.3.5",
            "source": {
                "type": "git",
                "url": "https://github.com/slimphp/Slim.git",
                "reference": "3dec4f9ee2e9c204a9f334afd72abc174c1b792e"
            },
            "dist": {
                "type": "zip",
                "url": "https://api.github.com/repos/slimphp/Slim/zipball/3dec4f9ee2e9c204a9f334afd72abc174c1b792e",
                "reference": "3dec4f9ee2e9c204a9f334afd72abc174c1b792e",
                "shasum": ""
            },
            "require": {
                "ext-mcrypt": "*",
                "php": ">=5.3.0"
            },
            "type": "library",
            "autoload": {
                "psr-0": {
                    "Slim": "."
                }
            },
            "notification-url": "https://packagist.org/downloads/",
            "license": [
                "MIT"
            ],
            "authors": [
                {
                    "name": "Josh Lockhart",
                    "email": "info@joshlockhart.com",
                    "homepage": "http://www.joshlockhart.com/"
                }
            ],
            "description": "Slim Framework, a PHP micro framework",
            "homepage": "http://github.com/codeguy/Slim",
            "keywords": [
                "microframework",
                "rest",
                "router"
            ],
            "time": "2013-10-31T02:05:09+00:00"
        },
        {
            "name": "symfony/console",
            "version": "v2.4.10",
            "target-dir": "Symfony/Component/Console",
            "source": {
                "type": "git",
                "url": "https://github.com/symfony/console.git",
                "reference": "39dd1c85ffdfc3c5fb008019dd027af05f64ec36"
            },
            "dist": {
                "type": "zip",
                "url": "https://api.github.com/repos/symfony/console/zipball/39dd1c85ffdfc3c5fb008019dd027af05f64ec36",
                "reference": "39dd1c85ffdfc3c5fb008019dd027af05f64ec36",
                "shasum": ""
            },
            "require": {
                "php": ">=5.3.3"
            },
            "require-dev": {
                "symfony/event-dispatcher": "~2.1"
            },
            "suggest": {
                "symfony/event-dispatcher": ""
            },
            "type": "library",
            "extra": {
                "branch-alias": {
                    "dev-master": "2.4-dev"
                }
            },
            "autoload": {
                "psr-0": {
                    "Symfony\\Component\\Console\\": ""
                }
            },
            "notification-url": "https://packagist.org/downloads/",
            "license": [
                "MIT"
            ],
            "authors": [
                {
                    "name": "Symfony Community",
                    "homepage": "http://symfony.com/contributors"
                },
                {
                    "name": "Fabien Potencier",
                    "email": "fabien@symfony.com"
                }
            ],
            "description": "Symfony Console Component",
            "homepage": "http://symfony.com",
            "time": "2014-09-22T08:51:05+00:00"
        },
        {
            "name": "symfony/event-dispatcher",
            "version": "v4.0.6",
            "source": {
                "type": "git",
                "url": "https://github.com/symfony/event-dispatcher.git",
                "reference": "85eaf6a8ec915487abac52e133efc4a268204428"
            },
            "dist": {
                "type": "zip",
                "url": "https://api.github.com/repos/symfony/event-dispatcher/zipball/85eaf6a8ec915487abac52e133efc4a268204428",
                "reference": "85eaf6a8ec915487abac52e133efc4a268204428",
                "shasum": ""
            },
            "require": {
                "php": "^7.1.3"
            },
            "conflict": {
                "symfony/dependency-injection": "<3.4"
            },
            "require-dev": {
                "psr/log": "~1.0",
                "symfony/config": "~3.4|~4.0",
                "symfony/dependency-injection": "~3.4|~4.0",
                "symfony/expression-language": "~3.4|~4.0",
                "symfony/stopwatch": "~3.4|~4.0"
            },
            "suggest": {
                "symfony/dependency-injection": "",
                "symfony/http-kernel": ""
            },
            "type": "library",
            "extra": {
                "branch-alias": {
                    "dev-master": "4.0-dev"
                }
            },
            "autoload": {
                "psr-4": {
                    "Symfony\\Component\\EventDispatcher\\": ""
                },
                "exclude-from-classmap": [
                    "/Tests/"
                ]
            },
            "notification-url": "https://packagist.org/downloads/",
            "license": [
                "MIT"
            ],
            "authors": [
                {
                    "name": "Fabien Potencier",
                    "email": "fabien@symfony.com"
                },
                {
                    "name": "Symfony Community",
                    "homepage": "https://symfony.com/contributors"
                }
            ],
            "description": "Symfony EventDispatcher Component",
            "homepage": "https://symfony.com",
            "time": "2018-02-14T14:11:10+00:00"
        },
        {
            "name": "symfony/options-resolver",
            "version": "v2.4.10",
            "target-dir": "Symfony/Component/OptionsResolver",
            "source": {
                "type": "git",
                "url": "https://github.com/symfony/options-resolver.git",
                "reference": "45f5e4f9b49eef5d88d68fbd36dbf27023283e44"
            },
            "dist": {
                "type": "zip",
                "url": "https://api.github.com/repos/symfony/options-resolver/zipball/45f5e4f9b49eef5d88d68fbd36dbf27023283e44",
                "reference": "45f5e4f9b49eef5d88d68fbd36dbf27023283e44",
                "shasum": ""
            },
            "require": {
                "php": ">=5.3.3"
            },
            "type": "library",
            "extra": {
                "branch-alias": {
                    "dev-master": "2.4-dev"
                }
            },
            "autoload": {
                "psr-0": {
                    "Symfony\\Component\\OptionsResolver\\": ""
                }
            },
            "notification-url": "https://packagist.org/downloads/",
            "license": [
                "MIT"
            ],
            "authors": [
                {
                    "name": "Symfony Community",
                    "homepage": "http://symfony.com/contributors"
                },
                {
                    "name": "Fabien Potencier",
                    "email": "fabien@symfony.com"
                }
            ],
            "description": "Symfony OptionsResolver Component",
            "homepage": "http://symfony.com",
            "keywords": [
                "config",
                "configuration",
                "options"
            ],
            "time": "2014-09-22T08:51:05+00:00"
        },
        {
            "name": "xinix-technology/bono",
            "version": "dev-master",
            "source": {
                "type": "git",
                "url": "https://github.com/xinix-technology/bono.git",
                "reference": "9bb080bcf8b3bc8f9dc8692b95995b49ed61a605"
            },
            "dist": {
                "type": "zip",
                "url": "https://api.github.com/repos/xinix-technology/bono/zipball/9bb080bcf8b3bc8f9dc8692b95995b49ed61a605",
                "reference": "9bb080bcf8b3bc8f9dc8692b95995b49ed61a605",
                "shasum": ""
            },
            "require": {
                "filp/whoops": "1.*",
                "reekoheek/util": ">=0.1.2",
                "slim/slim": "2.3.*",
                "xinix-technology/norm": "*"
            },
            "require-dev": {
                "phpdocumentor/phpdocumentor": "2.*",
                "phpunit/phpunit": "3.7.22"
            },
            "type": "library",
            "autoload": {
                "psr-0": {
                    "Bono": "src/"
                }
            },
            "notification-url": "https://packagist.org/downloads/",
            "license": [
                "MIT"
            ],
            "authors": [
                {
                    "name": "Ganesha",
                    "email": "reekoheek@gmail.com",
                    "homepage": "http://xinix.co.id",
                    "role": "Developer"
                },
                {
                    "name": "Nur Alam",
                    "email": "rhoe.coder@gmail.com",
                    "role": "Developer"
                },
                {
                    "name": "Krisan Alfa",
                    "email": "krisan47@gmail.com",
                    "homepage": "https://twitter.com/krisanalfa",
                    "role": "Developer"
                },
                {
                    "name": "Aprianto Pramana Putra",
                    "email": "apriantopramanaputra@gmail.com",
                    "role": "Developer"
                }
            ],
            "time": "2016-03-07T16:01:29+00:00"
        },
        {
            "name": "xinix-technology/migrate",
            "version": "dev-master",
            "source": {
                "type": "git",
                "url": "https://github.com/xinix-technology/migrate.git",
                "reference": "464c87ebee8c86fc8e949d157b45c4ee60071257"
            },
            "dist": {
                "type": "zip",
                "url": "https://api.github.com/repos/xinix-technology/migrate/zipball/464c87ebee8c86fc8e949d157b45c4ee60071257",
                "reference": "464c87ebee8c86fc8e949d157b45c4ee60071257",
                "shasum": ""
            },
            "require": {
                "reekoheek/util": ">=0.1.2"
            },
            "type": "library",
            "autoload": {
                "psr-0": {
                    "Xinix\\Migrate": "src/"
                }
            },
            "notification-url": "https://packagist.org/downloads/",
            "license": [
                "MIT"
            ],
            "authors": [
                {
                    "name": "Ganesha",
                    "email": "reekoheek@gmail.com",
                    "homepage": "http://xinix.co.id",
                    "role": "Developer"
                }
            ],
            "description": "Migration tool for bono",
            "time": "2014-06-20T12:12:49+00:00"
        },
        {
            "name": "xinix-technology/norm",
            "version": "dev-master",
            "source": {
                "type": "git",
                "url": "https://github.com/xinix-technology/norm.git",
                "reference": "598521c71634713355ffff1a6df77161e5a25546"
            },
            "dist": {
                "type": "zip",
                "url": "https://api.github.com/repos/xinix-technology/norm/zipball/598521c71634713355ffff1a6df77161e5a25546",
                "reference": "598521c71634713355ffff1a6df77161e5a25546",
                "shasum": ""
            },
            "require": {
                "ramsey/uuid": "~2.8",
                "reekoheek/jsonkit": "~0.0.1",
                "reekoheek/util": "~0.1.2"
            },
            "require-dev": {
                "guzzlehttp/guzzle": "~5.0",
                "phpunit/phpunit": "*"
            },
            "type": "library",
            "autoload": {
                "psr-0": {
                    "Norm": "src/"
                }
            },
            "notification-url": "https://packagist.org/downloads/",
            "license": [
                "MIT"
            ],
            "authors": [
                {
                    "name": "Ganesha",
                    "email": "reekoheek@gmail.com",
                    "homepage": "http://xinix.co.id",
                    "role": "Developer"
                },
                {
                    "name": "Krisan Alfa",
                    "email": "krisan47@gmail.com",
                    "homepage": "https://twitter.com/krisanalfa",
                    "role": "Developer"
                },
                {
                    "name": "Aprianto Pramana Putra",
                    "email": "apriantopramanaputra@gmail.com",
                    "role": "Developer"
                }
            ],
            "time": "2018-03-27T09:33:13+00:00"
        }
    ],
    "packages-dev": [],
    "aliases": [],
    "minimum-stability": "stable",
    "stability-flags": {
        "xinix-technology/bono": 20,
        "xinix-technology/norm": 20,
        "xinix-technology/migrate": 20,
        "reekoheek/bono-auth": 20,
        "reekoheek/bootstrap-theme": 20
    },
    "prefer-stable": false,
    "prefer-lowest": false,
    "platform": [],
    "platform-dev": []
}
