{
    "_readme": [
        "This file locks the dependencies of your project to a known state",
        "Read more about it at http://getcomposer.org/doc/01-basic-usage.md#composer-lock-the-lock-file",
        "This file is @generated automatically"
    ],
    "hash": "e3ae38eb22bf3bfce74fe5e445f32b74",
    "packages": [
        {
            "name": "filp/whoops",
            "version": "1.1.2",
            "source": {
                "type": "git",
                "url": "https://github.com/filp/whoops.git",
                "reference": "9f451fbc7b8cad5e71300672c340c28c6bec09ff"
            },
            "dist": {
                "type": "zip",
                "url": "https://api.github.com/repos/filp/whoops/zipball/9f451fbc7b8cad5e71300672c340c28c6bec09ff",
                "reference": "9f451fbc7b8cad5e71300672c340c28c6bec09ff",
                "shasum": ""
            },
            "require": {
                "php": ">=5.3.0"
            },
            "require-dev": {
                "mockery/mockery": "0.9.*"
            },
            "type": "library",
            "extra": {
                "branch-alias": {
                    "dev-master": "1.2-dev"
                }
            },
            "autoload": {
                "psr-0": {
                    "Whoops": "src/"
                },
                "classmap": [
                    "src/deprecated"
                ]
            },
            "notification-url": "https://packagist.org/downloads/",
            "license": [
                "MIT"
            ],
            "authors": [
                {
                    "name": "Filipe Dobreira",
                    "homepage": "https://github.com/filp",
                    "role": "Developer"
                }
            ],
            "description": "php error handling for cool kids",
            "homepage": "https://github.com/filp/whoops",
            "keywords": [
                "error",
                "exception",
                "handling",
                "library",
                "silex-provider",
                "whoops",
                "zf2"
            ],
            "time": "2014-07-11 05:56:54"
        },
        {
            "name": "guzzle/guzzle",
            "version": "v3.8.1",
            "source": {
                "type": "git",
                "url": "https://github.com/guzzle/guzzle.git",
                "reference": "4de0618a01b34aa1c8c33a3f13f396dcd3882eba"
            },
            "dist": {
                "type": "zip",
                "url": "https://api.github.com/repos/guzzle/guzzle/zipball/4de0618a01b34aa1c8c33a3f13f396dcd3882eba",
                "reference": "4de0618a01b34aa1c8c33a3f13f396dcd3882eba",
                "shasum": ""
            },
            "require": {
                "ext-curl": "*",
                "php": ">=5.3.3",
                "symfony/event-dispatcher": ">=2.1"
            },
            "replace": {
                "guzzle/batch": "self.version",
                "guzzle/cache": "self.version",
                "guzzle/common": "self.version",
                "guzzle/http": "self.version",
                "guzzle/inflection": "self.version",
                "guzzle/iterator": "self.version",
                "guzzle/log": "self.version",
                "guzzle/parser": "self.version",
                "guzzle/plugin": "self.version",
                "guzzle/plugin-async": "self.version",
                "guzzle/plugin-backoff": "self.version",
                "guzzle/plugin-cache": "self.version",
                "guzzle/plugin-cookie": "self.version",
                "guzzle/plugin-curlauth": "self.version",
                "guzzle/plugin-error-response": "self.version",
                "guzzle/plugin-history": "self.version",
                "guzzle/plugin-log": "self.version",
                "guzzle/plugin-md5": "self.version",
                "guzzle/plugin-mock": "self.version",
                "guzzle/plugin-oauth": "self.version",
                "guzzle/service": "self.version",
                "guzzle/stream": "self.version"
            },
            "require-dev": {
                "doctrine/cache": "*",
                "monolog/monolog": "1.*",
                "phpunit/phpunit": "3.7.*",
                "psr/log": "1.0.*",
                "symfony/class-loader": "*",
                "zendframework/zend-cache": "<2.3",
                "zendframework/zend-log": "<2.3"
            },
            "type": "library",
            "extra": {
                "branch-alias": {
                    "dev-master": "3.8-dev"
                }
            },
            "autoload": {
                "psr-0": {
                    "Guzzle": "src/",
                    "Guzzle\\Tests": "tests/"
                }
            },
            "notification-url": "https://packagist.org/downloads/",
            "license": [
                "MIT"
            ],
            "authors": [
                {
                    "name": "Michael Dowling",
                    "email": "mtdowling@gmail.com",
                    "homepage": "https://github.com/mtdowling"
                },
                {
                    "name": "Guzzle Community",
                    "homepage": "https://github.com/guzzle/guzzle/contributors"
                }
            ],
            "description": "Guzzle is a PHP HTTP client library and framework for building RESTful web service clients",
            "homepage": "http://guzzlephp.org/",
            "keywords": [
                "client",
                "curl",
                "framework",
                "http",
                "http client",
                "rest",
                "web service"
            ],
            "time": "2014-01-28 22:29:15"
        },
        {
            "name": "kzykhys/ciconia",
            "version": "v1.0.3",
            "source": {
                "type": "git",
                "url": "https://github.com/kzykhys/Ciconia.git",
                "reference": "52d43ec35a656ef1bda07fdd8398081801f960ae"
            },
            "dist": {
                "type": "zip",
                "url": "https://api.github.com/repos/kzykhys/Ciconia/zipball/52d43ec35a656ef1bda07fdd8398081801f960ae",
                "reference": "52d43ec35a656ef1bda07fdd8398081801f960ae",
                "shasum": ""
            },
            "require": {
                "php": ">5.4.0",
                "symfony/console": ">=2.3,<2.5-dev",
                "symfony/options-resolver": ">=2.3,<2.5-dev"
            },
            "require-dev": {
                "symfony/finder": ">=2.3,<2.5-dev",
                "symfony/stopwatch": ">=2.3,<2.5-dev"
            },
            "bin": [
                "bin/ciconia"
            ],
            "type": "library",
            "extra": {
                "branch-alias": {
                    "dev-master": "1.1.x-dev"
                }
            },
            "autoload": {
                "psr-0": {
                    "": "src/"
                }
            },
            "notification-url": "https://packagist.org/downloads/",
            "license": [
                "MIT"
            ],
            "authors": [
                {
                    "name": "Kazuyuki Hayashi",
                    "email": "hayashi@valnur.net"
                }
            ],
            "description": "The Markdown parser for PHP5.4",
            "keywords": [
                "cli",
                "markdown",
                "parser"
            ],
            "time": "2014-01-23 08:14:37"
        },
        {
            "name": "reekoheek/bono-auth",
            "version": "0.1.6",
            "source": {
                "type": "git",
                "url": "https://github.com/reekoheek/bono-auth.git",
                "reference": "0c71907291574c4830a8d2271df731935f033fb6"
            },
            "dist": {
                "type": "zip",
                "url": "https://api.github.com/repos/reekoheek/bono-auth/zipball/0c71907291574c4830a8d2271df731935f033fb6",
                "reference": "0c71907291574c4830a8d2271df731935f033fb6",
                "shasum": ""
            },
            "require": {
                "guzzle/guzzle": "~3.8.1",
                "slim/slim": "2.3.*"
            },
            "type": "library",
            "autoload": {
                "psr-0": {
                    "ROH\\BonoAuth": "src/"
                }
            },
            "notification-url": "https://packagist.org/downloads/",
            "license": [
                "MIT"
            ],
            "authors": [
                {
                    "name": "Ganesha",
                    "email": "reekoheek@gmail.com"
                }
            ],
            "description": "Bono Auth",
            "time": "2014-09-13 09:34:28"
        },
        {
            "name": "reekoheek/bootstrap-theme",
            "version": "dev-master",
            "source": {
                "type": "git",
                "url": "https://github.com/reekoheek/bootstrap-theme.git",
                "reference": "060e9bfdebe0ba55771d4b7d82224cea8c28a0b9"
            },
            "dist": {
                "type": "zip",
                "url": "https://api.github.com/repos/reekoheek/bootstrap-theme/zipball/060e9bfdebe0ba55771d4b7d82224cea8c28a0b9",
                "reference": "060e9bfdebe0ba55771d4b7d82224cea8c28a0b9",
                "shasum": ""
            },
            "type": "library",
            "autoload": {
                "psr-0": {
                    "ROH\\Theme\\BootstrapTheme": "src"
                }
            },
            "notification-url": "https://packagist.org/downloads/",
            "license": [
                "MIT"
            ],
            "authors": [
                {
                    "name": "Ganesha",
                    "email": "reekoheek@gmail.com"
                }
            ],
            "description": "Bono Bootstrap Theme",
            "time": "2014-09-12 13:44:31"
        },
        {
            "name": "reekoheek/jsonkit",
            "version": "0.0.5",
            "source": {
                "type": "git",
                "url": "https://github.com/reekoheek/php-jsonkit.git",
                "reference": "fc7769ba88af09be6cf7087ff1736ad1002b3b75"
            },
            "dist": {
                "type": "zip",
                "url": "https://api.github.com/repos/reekoheek/php-jsonkit/zipball/fc7769ba88af09be6cf7087ff1736ad1002b3b75",
                "reference": "fc7769ba88af09be6cf7087ff1736ad1002b3b75",
                "shasum": ""
            },
            "require-dev": {
                "phpunit/phpunit": "3.7.22"
            },
            "type": "library",
            "autoload": {
                "psr-0": {
                    "JsonKit": "src/"
                }
            },
            "notification-url": "https://packagist.org/downloads/",
            "license": [
                "MIT"
            ],
            "authors": [
                {
                    "name": "Ganesha",
                    "email": "reekoheek@gmail.com",
                    "homepage": "http://xinix.co.id",
                    "role": "Developer"
                },
                {
                    "name": "Apriyanto Pramana Putra",
                    "email": "apriantopramanaputra@gmail.com",
                    "role": "Developer"
                }
            ],
            "time": "2014-06-02 13:46:37"
        },
        {
            "name": "reekoheek/util",
            "version": "0.1.2",
            "source": {
                "type": "git",
                "url": "https://github.com/reekoheek/php-util.git",
                "reference": "62d2608bb4530efcf8f68b2de8bb6af0820f1fa0"
            },
            "dist": {
                "type": "zip",
                "url": "https://api.github.com/repos/reekoheek/php-util/zipball/62d2608bb4530efcf8f68b2de8bb6af0820f1fa0",
                "reference": "62d2608bb4530efcf8f68b2de8bb6af0820f1fa0",
                "shasum": ""
            },
            "type": "library",
            "autoload": {
                "psr-0": {
                    "ROH\\Util": "src/"
                }
            },
            "notification-url": "https://packagist.org/downloads/",
            "license": [
                "MIT"
            ],
            "authors": [
                {
                    "name": "Ganesha",
                    "email": "reekoheek@gmail.com",
                    "homepage": "http://xinix.co.id",
                    "role": "Developer"
                }
            ],
            "description": "PHP util library",
            "time": "2014-01-02 04:08:44"
        },
        {
            "name": "slim/slim",
            "version": "2.3.5",
            "source": {
                "type": "git",
                "url": "https://github.com/codeguy/Slim.git",
                "reference": "3dec4f9ee2e9c204a9f334afd72abc174c1b792e"
            },
            "dist": {
                "type": "zip",
                "url": "https://api.github.com/repos/codeguy/Slim/zipball/3dec4f9ee2e9c204a9f334afd72abc174c1b792e",
                "reference": "3dec4f9ee2e9c204a9f334afd72abc174c1b792e",
                "shasum": ""
            },
            "require": {
                "ext-mcrypt": "*",
                "php": ">=5.3.0"
            },
            "type": "library",
            "autoload": {
                "psr-0": {
                    "Slim": "."
                }
            },
            "notification-url": "https://packagist.org/downloads/",
            "license": [
                "MIT"
            ],
            "authors": [
                {
                    "name": "Josh Lockhart",
                    "email": "info@joshlockhart.com",
                    "homepage": "http://www.joshlockhart.com/"
                }
            ],
            "description": "Slim Framework, a PHP micro framework",
            "homepage": "http://github.com/codeguy/Slim",
            "keywords": [
                "microframework",
                "rest",
                "router"
            ],
            "time": "2013-10-31 02:05:09"
        },
        {
            "name": "symfony/console",
            "version": "v2.4.9",
            "target-dir": "Symfony/Component/Console",
            "source": {
                "type": "git",
                "url": "https://github.com/symfony/Console.git",
                "reference": "6cdbe19f8f9025a84ccc45c3870e388e424bea5c"
            },
            "dist": {
                "type": "zip",
                "url": "https://api.github.com/repos/symfony/Console/zipball/6cdbe19f8f9025a84ccc45c3870e388e424bea5c",
                "reference": "6cdbe19f8f9025a84ccc45c3870e388e424bea5c",
                "shasum": ""
            },
            "require": {
                "php": ">=5.3.3"
            },
            "require-dev": {
                "symfony/event-dispatcher": "~2.1"
            },
            "suggest": {
                "symfony/event-dispatcher": ""
            },
            "type": "library",
            "extra": {
                "branch-alias": {
                    "dev-master": "2.4-dev"
                }
            },
            "autoload": {
                "psr-0": {
                    "Symfony\\Component\\Console\\": ""
                }
            },
            "notification-url": "https://packagist.org/downloads/",
            "license": [
                "MIT"
            ],
            "authors": [
                {
                    "name": "Symfony Community",
                    "homepage": "http://symfony.com/contributors"
                },
                {
                    "name": "Fabien Potencier",
                    "email": "fabien@symfony.com"
                }
            ],
            "description": "Symfony Console Component",
            "homepage": "http://symfony.com",
            "time": "2014-08-14 14:51:32"
        },
        {
            "name": "symfony/console",
            "version": "v2.4.9",
            "target-dir": "Symfony/Component/Console",
            "source": {
                "type": "git",
                "url": "https://github.com/symfony/Console.git",
                "reference": "6cdbe19f8f9025a84ccc45c3870e388e424bea5c"
            },
            "dist": {
                "type": "zip",
                "url": "https://api.github.com/repos/symfony/Console/zipball/6cdbe19f8f9025a84ccc45c3870e388e424bea5c",
                "reference": "6cdbe19f8f9025a84ccc45c3870e388e424bea5c",
                "shasum": ""
            },
            "require": {
                "php": ">=5.3.3"
            },
            "require-dev": {
                "symfony/event-dispatcher": "~2.1"
            },
            "suggest": {
                "symfony/event-dispatcher": ""
            },
            "type": "library",
            "extra": {
                "branch-alias": {
                    "dev-master": "2.4-dev"
                }
            },
            "autoload": {
                "psr-0": {
                    "Symfony\\Component\\Console\\": ""
                }
            },
            "notification-url": "https://packagist.org/downloads/",
            "license": [
                "MIT"
            ],
            "authors": [
                {
                    "name": "Symfony Community",
                    "homepage": "http://symfony.com/contributors"
                },
                {
                    "name": "Fabien Potencier",
                    "email": "fabien@symfony.com"
                }
            ],
            "description": "Symfony Console Component",
            "homepage": "http://symfony.com",
            "time": "2014-08-14 14:51:32"
        },
        {
            "name": "symfony/event-dispatcher",
            "version": "v2.5.4",
            "target-dir": "Symfony/Component/EventDispatcher",
            "source": {
                "type": "git",
                "url": "https://github.com/symfony/EventDispatcher.git",
                "reference": "8faf5cc7e80fde74a650a36e60d32ce3c3e0457b"
            },
            "dist": {
                "type": "zip",
                "url": "https://api.github.com/repos/symfony/EventDispatcher/zipball/8faf5cc7e80fde74a650a36e60d32ce3c3e0457b",
                "reference": "8faf5cc7e80fde74a650a36e60d32ce3c3e0457b",
                "shasum": ""
            },
            "require": {
                "php": ">=5.3.3"
            },
            "require-dev": {
                "psr/log": "~1.0",
                "symfony/config": "~2.0",
                "symfony/dependency-injection": "~2.0",
                "symfony/stopwatch": "~2.2"
            },
            "suggest": {
                "symfony/dependency-injection": "",
                "symfony/http-kernel": ""
            },
            "type": "library",
            "extra": {
                "branch-alias": {
                    "dev-master": "2.5-dev"
                }
            },
            "autoload": {
                "psr-0": {
                    "Symfony\\Component\\EventDispatcher\\": ""
                }
            },
            "notification-url": "https://packagist.org/downloads/",
            "license": [
                "MIT"
            ],
            "authors": [
                {
                    "name": "Symfony Community",
                    "homepage": "http://symfony.com/contributors"
                },
                {
                    "name": "Fabien Potencier",
                    "email": "fabien@symfony.com"
                }
            ],
            "description": "Symfony EventDispatcher Component",
            "homepage": "http://symfony.com",
            "time": "2014-07-28 13:20:46"
        },
        {
            "name": "symfony/options-resolver",
            "version": "v2.4.9",
            "target-dir": "Symfony/Component/OptionsResolver",
            "source": {
                "type": "git",
                "url": "https://github.com/symfony/OptionsResolver.git",
                "reference": "6ac54d42397de6e9cbb9d41ca426cd0d5fc419db"
            },
            "dist": {
                "type": "zip",
                "url": "https://api.github.com/repos/symfony/OptionsResolver/zipball/6ac54d42397de6e9cbb9d41ca426cd0d5fc419db",
                "reference": "6ac54d42397de6e9cbb9d41ca426cd0d5fc419db",
                "shasum": ""
            },
            "require": {
                "php": ">=5.3.3"
            },
            "type": "library",
            "extra": {
                "branch-alias": {
                    "dev-master": "2.4-dev"
                }
            },
            "autoload": {
                "psr-0": {
                    "Symfony\\Component\\OptionsResolver\\": ""
                }
            },
            "notification-url": "https://packagist.org/downloads/",
            "license": [
                "MIT"
            ],
            "authors": [
                {
                    "name": "Symfony Community",
                    "homepage": "http://symfony.com/contributors"
                },
                {
                    "name": "Fabien Potencier",
                    "email": "fabien@symfony.com"
                }
            ],
            "description": "Symfony OptionsResolver Component",
            "homepage": "http://symfony.com",
            "keywords": [
                "config",
                "configuration",
                "options"
            ],
            "time": "2014-07-09 09:04:55"
        },
        {
            "name": "symfony/options-resolver",
            "version": "v2.4.9",
            "target-dir": "Symfony/Component/OptionsResolver",
            "source": {
                "type": "git",
                "url": "https://github.com/symfony/OptionsResolver.git",
                "reference": "6ac54d42397de6e9cbb9d41ca426cd0d5fc419db"
            },
            "dist": {
                "type": "zip",
                "url": "https://api.github.com/repos/symfony/OptionsResolver/zipball/6ac54d42397de6e9cbb9d41ca426cd0d5fc419db",
                "reference": "6ac54d42397de6e9cbb9d41ca426cd0d5fc419db",
                "shasum": ""
            },
            "require": {
                "php": ">=5.3.3"
            },
            "type": "library",
            "extra": {
                "branch-alias": {
                    "dev-master": "2.4-dev"
                }
            },
            "autoload": {
                "psr-0": {
                    "Symfony\\Component\\OptionsResolver\\": ""
                }
            },
            "notification-url": "https://packagist.org/downloads/",
            "license": [
                "MIT"
            ],
            "authors": [
                {
                    "name": "Symfony Community",
                    "homepage": "http://symfony.com/contributors"
                },
                {
                    "name": "Fabien Potencier",
                    "email": "fabien@symfony.com"
                }
            ],
            "description": "Symfony OptionsResolver Component",
            "homepage": "http://symfony.com",
            "keywords": [
                "config",
                "configuration",
                "options"
            ],
            "time": "2014-07-09 09:04:55"
        },
        {
            "name": "xinix-technology/bono",
            "version": "dev-master",
            "source": {
                "type": "git",
                "url": "https://github.com/xinix-technology/bono.git",
                "reference": "c0049ac11099416ed2b1eb986a061240b16d28e1"
            },
            "dist": {
                "type": "zip",
                "url": "https://api.github.com/repos/xinix-technology/bono/zipball/c0049ac11099416ed2b1eb986a061240b16d28e1",
                "reference": "c0049ac11099416ed2b1eb986a061240b16d28e1",
                "shasum": ""
            },
            "require": {
                "filp/whoops": "1.*",
                "reekoheek/util": ">=0.1.2",
                "slim/slim": "2.3.*",
                "xinix-technology/norm": "*"
            },
            "require-dev": {
                "phpdocumentor/phpdocumentor": "2.*",
                "phpunit/phpunit": "3.7.22"
            },
            "type": "library",
            "autoload": {
                "psr-0": {
                    "Bono": "src/"
                }
            },
            "notification-url": "https://packagist.org/downloads/",
            "license": [
                "MIT"
            ],
            "authors": [
                {
                    "name": "Ganesha",
                    "email": "reekoheek@gmail.com",
                    "homepage": "http://xinix.co.id",
                    "role": "Developer"
                },
                {
                    "name": "Nur Alam",
                    "email": "rhoe.coder@gmail.com",
                    "role": "Developer"
                },
                {
                    "name": "Krisan Alfa",
                    "email": "krisan47@gmail.com",
                    "homepage": "https://twitter.com/krisanalfa",
                    "role": "Developer"
                },
                {
                    "name": "Aprianto Pramana Putra",
                    "email": "apriantopramanaputra@gmail.com",
                    "role": "Developer"
                }
            ],
            "time": "2014-09-13 09:33:08"
        },
        {
            "name": "xinix-technology/migrate",
            "version": "dev-master",
            "source": {
                "type": "git",
                "url": "https://github.com/xinix-technology/migrate.git",
                "reference": "464c87ebee8c86fc8e949d157b45c4ee60071257"
            },
            "dist": {
                "type": "zip",
                "url": "https://api.github.com/repos/xinix-technology/migrate/zipball/464c87ebee8c86fc8e949d157b45c4ee60071257",
                "reference": "464c87ebee8c86fc8e949d157b45c4ee60071257",
                "shasum": ""
            },
            "require": {
                "reekoheek/util": ">=0.1.2"
            },
            "type": "library",
            "autoload": {
                "psr-0": {
                    "Xinix\\Migrate": "src/"
                }
            },
            "notification-url": "https://packagist.org/downloads/",
            "license": [
                "MIT"
            ],
            "authors": [
                {
                    "name": "Ganesha",
                    "email": "reekoheek@gmail.com",
                    "homepage": "http://xinix.co.id",
                    "role": "Developer"
                }
            ],
            "description": "Migration tool for bono",
            "time": "2014-06-20 12:12:49"
        },
        {
            "name": "xinix-technology/norm",
            "version": "dev-master",
            "source": {
                "type": "git",
                "url": "https://github.com/xinix-technology/norm.git",
                "reference": "aa944c1d4b8c21186a0edfab2ea0e52656896537"
            },
            "dist": {
                "type": "zip",
                "url": "https://api.github.com/repos/xinix-technology/norm/zipball/aa944c1d4b8c21186a0edfab2ea0e52656896537",
                "reference": "aa944c1d4b8c21186a0edfab2ea0e52656896537",
                "shasum": ""
            },
            "require": {
                "reekoheek/jsonkit": "~0.0.1",
                "reekoheek/util": ">=0.1.2"
            },
            "require-dev": {
                "phpdocumentor/phpdocumentor": "2.*",
                "phpunit/phpunit": "3.7.22"
            },
            "type": "library",
            "autoload": {
                "psr-0": {
                    "Norm": "src/"
                }
            },
            "notification-url": "https://packagist.org/downloads/",
            "license": [
                "MIT"
            ],
            "authors": [
                {
                    "name": "Ganesha",
                    "email": "reekoheek@gmail.com",
                    "homepage": "http://xinix.co.id",
                    "role": "Developer"
                },
                {
                    "name": "Krisan Alfa",
                    "email": "krisan47@gmail.com",
                    "homepage": "https://twitter.com/krisanalfa",
                    "role": "Developer"
                },
                {
                    "name": "Aprianto Pramana Putra",
                    "email": "apriantopramanaputra@gmail.com",
                    "role": "Developer"
                }
            ],
            "time": "2014-09-13 12:28:41"
        }
    ],
    "packages-dev": [],
    "aliases": [],
    "minimum-stability": "stable",
    "stability-flags": {
        "xinix-technology/bono": 20,
        "xinix-technology/norm": 20,
        "xinix-technology/migrate": 20,
        "reekoheek/bootstrap-theme": 20
    },
    "prefer-stable": false,
    "platform": [],
    "platform-dev": []
}
